// !$*UTF8*$!
{
	archiveVersion = 1;
	classes = {
	};
	objectVersion = 55;
	objects = {

/* Begin PBXBuildFile section */
		35D3A13721DEC592E62C352F /* Pods_PhotoSearch_PhotoSearchUITests.framework in Frameworks */ = {isa = PBXBuildFile; fileRef = 8D4A1142782E82432D32C122 /* Pods_PhotoSearch_PhotoSearchUITests.framework */; };
		3AFC489649618D6D84DBDE27 /* Pods_PhotoSearchTests.framework in Frameworks */ = {isa = PBXBuildFile; fileRef = 8207D49AD82B86A2AE890081 /* Pods_PhotoSearchTests.framework */; };
		82E9F9217FE25EBB97870838 /* Pods_PhotoSearch.framework in Frameworks */ = {isa = PBXBuildFile; fileRef = 5D9F7D4AC32C749A56848C7F /* Pods_PhotoSearch.framework */; };
		87520AF127C7D087000C0752 /* SearchTableViewCellTests.swift in Sources */ = {isa = PBXBuildFile; fileRef = 87520AF027C7D087000C0752 /* SearchTableViewCellTests.swift */; };
		87520AF327C7D0EF000C0752 /* MockApiService.swift in Sources */ = {isa = PBXBuildFile; fileRef = 87520AF227C7D0EF000C0752 /* MockApiService.swift */; };
		87520AF527C7D7C3000C0752 /* SearchViewControllerTests.swift in Sources */ = {isa = PBXBuildFile; fileRef = 87520AF427C7D7C3000C0752 /* SearchViewControllerTests.swift */; };
		87520AF727C7DD6B000C0752 /* SearchTableViewCellViewModel.swift in Sources */ = {isa = PBXBuildFile; fileRef = 87520AF627C7DD6B000C0752 /* SearchTableViewCellViewModel.swift */; };
		87520AF927C7DFBD000C0752 /* SearchTableViewCellViewModelTests.swift in Sources */ = {isa = PBXBuildFile; fileRef = 87520AF827C7DFBD000C0752 /* SearchTableViewCellViewModelTests.swift */; };
		8770459027C4B38300717C0C /* DetailViewController.swift in Sources */ = {isa = PBXBuildFile; fileRef = 8770458F27C4B38300717C0C /* DetailViewController.swift */; };
		8770459A27C4B56700717C0C /* SearchViewModel.swift in Sources */ = {isa = PBXBuildFile; fileRef = 8770459927C4B56700717C0C /* SearchViewModel.swift */; };
		8770459C27C4C64500717C0C /* Keys.plist in Resources */ = {isa = PBXBuildFile; fileRef = 8770459B27C4C64500717C0C /* Keys.plist */; };
		877045A027C4F0F300717C0C /* Photo.swift in Sources */ = {isa = PBXBuildFile; fileRef = 8770459F27C4F0F300717C0C /* Photo.swift */; };
		877045A227C4F66C00717C0C /* PhotosApiResponse.swift in Sources */ = {isa = PBXBuildFile; fileRef = 877045A127C4F66C00717C0C /* PhotosApiResponse.swift */; };
		877045A427C4F77800717C0C /* Source.swift in Sources */ = {isa = PBXBuildFile; fileRef = 877045A327C4F77800717C0C /* Source.swift */; };
		877045A727C4FA9000717C0C /* SearchTableViewCell.swift in Sources */ = {isa = PBXBuildFile; fileRef = 877045A527C4FA9000717C0C /* SearchTableViewCell.swift */; };
		877045A827C4FA9000717C0C /* SearchTableViewCell.xib in Resources */ = {isa = PBXBuildFile; fileRef = 877045A627C4FA9000717C0C /* SearchTableViewCell.xib */; };
		877675B127C4B1AB00011859 /* AppDelegate.swift in Sources */ = {isa = PBXBuildFile; fileRef = 877675B027C4B1AB00011859 /* AppDelegate.swift */; };
		877675B327C4B1AB00011859 /* SceneDelegate.swift in Sources */ = {isa = PBXBuildFile; fileRef = 877675B227C4B1AB00011859 /* SceneDelegate.swift */; };
		877675B527C4B1AB00011859 /* SearchViewController.swift in Sources */ = {isa = PBXBuildFile; fileRef = 877675B427C4B1AB00011859 /* SearchViewController.swift */; };
		877675B827C4B1AB00011859 /* Main.storyboard in Resources */ = {isa = PBXBuildFile; fileRef = 877675B627C4B1AB00011859 /* Main.storyboard */; };
		877675BA27C4B1AD00011859 /* Assets.xcassets in Resources */ = {isa = PBXBuildFile; fileRef = 877675B927C4B1AD00011859 /* Assets.xcassets */; };
		877675BD27C4B1AD00011859 /* LaunchScreen.storyboard in Resources */ = {isa = PBXBuildFile; fileRef = 877675BB27C4B1AD00011859 /* LaunchScreen.storyboard */; };
		877675C827C4B1AE00011859 /* SearchViewModelTests.swift in Sources */ = {isa = PBXBuildFile; fileRef = 877675C727C4B1AE00011859 /* SearchViewModelTests.swift */; };
		877675D227C4B1AE00011859 /* UnifaCodingExamUITests.swift in Sources */ = {isa = PBXBuildFile; fileRef = 877675D127C4B1AE00011859 /* UnifaCodingExamUITests.swift */; };
		877675D427C4B1AE00011859 /* UnifaCodingExamUITestsLaunchTests.swift in Sources */ = {isa = PBXBuildFile; fileRef = 877675D327C4B1AE00011859 /* UnifaCodingExamUITestsLaunchTests.swift */; };
		87767A3E27C5C96D00C6EDFA /* ApiService.swift in Sources */ = {isa = PBXBuildFile; fileRef = 87767A3D27C5C96D00C6EDFA /* ApiService.swift */; };
		87767A4127C5FDAF00C6EDFA /* UIColorExtensions.swift in Sources */ = {isa = PBXBuildFile; fileRef = 87767A4027C5FDAF00C6EDFA /* UIColorExtensions.swift */; };
		87767A4327C6055F00C6EDFA /* CustomErrors.swift in Sources */ = {isa = PBXBuildFile; fileRef = 87767A4227C6055F00C6EDFA /* CustomErrors.swift */; };
		87767A4627C60BEA00C6EDFA /* LoadingView.swift in Sources */ = {isa = PBXBuildFile; fileRef = 87767A4527C60BEA00C6EDFA /* LoadingView.swift */; };
		87767A4827C60C2C00C6EDFA /* UIApplicationExtensions.swift in Sources */ = {isa = PBXBuildFile; fileRef = 87767A4727C60C2C00C6EDFA /* UIApplicationExtensions.swift */; };
		8783586427C9DF5B00CA15C5 /* DetailViewControllerTests.swift in Sources */ = {isa = PBXBuildFile; fileRef = 8783586327C9DF5B00CA15C5 /* DetailViewControllerTests.swift */; };
		8783586627C9E1AA00CA15C5 /* SourceTests.swift in Sources */ = {isa = PBXBuildFile; fileRef = 8783586527C9E1AA00CA15C5 /* SourceTests.swift */; };
		8783586827C9E1B800CA15C5 /* PhotoTests.swift in Sources */ = {isa = PBXBuildFile; fileRef = 8783586727C9E1B800CA15C5 /* PhotoTests.swift */; };
/* End PBXBuildFile section */

/* Begin PBXContainerItemProxy section */
		877675C427C4B1AE00011859 /* PBXContainerItemProxy */ = {
			isa = PBXContainerItemProxy;
			containerPortal = 877675A527C4B1AB00011859 /* Project object */;
			proxyType = 1;
			remoteGlobalIDString = 877675AC27C4B1AB00011859;
			remoteInfo = UnifaCodingExam;
		};
		877675CE27C4B1AE00011859 /* PBXContainerItemProxy */ = {
			isa = PBXContainerItemProxy;
			containerPortal = 877675A527C4B1AB00011859 /* Project object */;
			proxyType = 1;
			remoteGlobalIDString = 877675AC27C4B1AB00011859;
			remoteInfo = UnifaCodingExam;
		};
/* End PBXContainerItemProxy section */

/* Begin PBXFileReference section */
		40E2BE4B37D70ABB63391CFD /* Pods-PhotoSearchTests.release.xcconfig */ = {isa = PBXFileReference; includeInIndex = 1; lastKnownFileType = text.xcconfig; name = "Pods-PhotoSearchTests.release.xcconfig"; path = "Target Support Files/Pods-PhotoSearchTests/Pods-PhotoSearchTests.release.xcconfig"; sourceTree = "<group>"; };
		5D9F7D4AC32C749A56848C7F /* Pods_PhotoSearch.framework */ = {isa = PBXFileReference; explicitFileType = wrapper.framework; includeInIndex = 0; path = Pods_PhotoSearch.framework; sourceTree = BUILT_PRODUCTS_DIR; };
		73E10AFF486AF0DF802F610D /* Pods-PhotoSearch-PhotoSearchUITests.release.xcconfig */ = {isa = PBXFileReference; includeInIndex = 1; lastKnownFileType = text.xcconfig; name = "Pods-PhotoSearch-PhotoSearchUITests.release.xcconfig"; path = "Target Support Files/Pods-PhotoSearch-PhotoSearchUITests/Pods-PhotoSearch-PhotoSearchUITests.release.xcconfig"; sourceTree = "<group>"; };
		8207D49AD82B86A2AE890081 /* Pods_PhotoSearchTests.framework */ = {isa = PBXFileReference; explicitFileType = wrapper.framework; includeInIndex = 0; path = Pods_PhotoSearchTests.framework; sourceTree = BUILT_PRODUCTS_DIR; };
		87520AF027C7D087000C0752 /* SearchTableViewCellTests.swift */ = {isa = PBXFileReference; lastKnownFileType = sourcecode.swift; path = SearchTableViewCellTests.swift; sourceTree = "<group>"; };
		87520AF227C7D0EF000C0752 /* MockApiService.swift */ = {isa = PBXFileReference; lastKnownFileType = sourcecode.swift; path = MockApiService.swift; sourceTree = "<group>"; };
		87520AF427C7D7C3000C0752 /* SearchViewControllerTests.swift */ = {isa = PBXFileReference; lastKnownFileType = sourcecode.swift; path = SearchViewControllerTests.swift; sourceTree = "<group>"; };
		87520AF627C7DD6B000C0752 /* SearchTableViewCellViewModel.swift */ = {isa = PBXFileReference; lastKnownFileType = sourcecode.swift; path = SearchTableViewCellViewModel.swift; sourceTree = "<group>"; };
		87520AF827C7DFBD000C0752 /* SearchTableViewCellViewModelTests.swift */ = {isa = PBXFileReference; lastKnownFileType = sourcecode.swift; path = SearchTableViewCellViewModelTests.swift; sourceTree = "<group>"; };
		8770458F27C4B38300717C0C /* DetailViewController.swift */ = {isa = PBXFileReference; lastKnownFileType = sourcecode.swift; path = DetailViewController.swift; sourceTree = "<group>"; };
		8770459927C4B56700717C0C /* SearchViewModel.swift */ = {isa = PBXFileReference; lastKnownFileType = sourcecode.swift; path = SearchViewModel.swift; sourceTree = "<group>"; };
		8770459B27C4C64500717C0C /* Keys.plist */ = {isa = PBXFileReference; lastKnownFileType = text.plist.xml; path = Keys.plist; sourceTree = "<group>"; };
		8770459F27C4F0F300717C0C /* Photo.swift */ = {isa = PBXFileReference; lastKnownFileType = sourcecode.swift; path = Photo.swift; sourceTree = "<group>"; };
		877045A127C4F66C00717C0C /* PhotosApiResponse.swift */ = {isa = PBXFileReference; lastKnownFileType = sourcecode.swift; path = PhotosApiResponse.swift; sourceTree = "<group>"; };
		877045A327C4F77800717C0C /* Source.swift */ = {isa = PBXFileReference; lastKnownFileType = sourcecode.swift; path = Source.swift; sourceTree = "<group>"; };
		877045A527C4FA9000717C0C /* SearchTableViewCell.swift */ = {isa = PBXFileReference; lastKnownFileType = sourcecode.swift; path = SearchTableViewCell.swift; sourceTree = "<group>"; };
		877045A627C4FA9000717C0C /* SearchTableViewCell.xib */ = {isa = PBXFileReference; lastKnownFileType = file.xib; path = SearchTableViewCell.xib; sourceTree = "<group>"; };
		877675AD27C4B1AB00011859 /* PhotoSearch.app */ = {isa = PBXFileReference; explicitFileType = wrapper.application; includeInIndex = 0; path = PhotoSearch.app; sourceTree = BUILT_PRODUCTS_DIR; };
		877675B027C4B1AB00011859 /* AppDelegate.swift */ = {isa = PBXFileReference; lastKnownFileType = sourcecode.swift; path = AppDelegate.swift; sourceTree = "<group>"; };
		877675B227C4B1AB00011859 /* SceneDelegate.swift */ = {isa = PBXFileReference; lastKnownFileType = sourcecode.swift; path = SceneDelegate.swift; sourceTree = "<group>"; };
		877675B427C4B1AB00011859 /* SearchViewController.swift */ = {isa = PBXFileReference; lastKnownFileType = sourcecode.swift; path = SearchViewController.swift; sourceTree = "<group>"; };
		877675B727C4B1AB00011859 /* Base */ = {isa = PBXFileReference; lastKnownFileType = file.storyboard; name = Base; path = Base.lproj/Main.storyboard; sourceTree = "<group>"; };
		877675B927C4B1AD00011859 /* Assets.xcassets */ = {isa = PBXFileReference; lastKnownFileType = folder.assetcatalog; path = Assets.xcassets; sourceTree = "<group>"; };
		877675BC27C4B1AD00011859 /* Base */ = {isa = PBXFileReference; lastKnownFileType = file.storyboard; name = Base; path = Base.lproj/LaunchScreen.storyboard; sourceTree = "<group>"; };
		877675BE27C4B1AD00011859 /* Info.plist */ = {isa = PBXFileReference; lastKnownFileType = text.plist.xml; path = Info.plist; sourceTree = "<group>"; };
		877675C327C4B1AE00011859 /* PhotoSearchTests.xctest */ = {isa = PBXFileReference; explicitFileType = wrapper.cfbundle; includeInIndex = 0; path = PhotoSearchTests.xctest; sourceTree = BUILT_PRODUCTS_DIR; };
		877675C727C4B1AE00011859 /* SearchViewModelTests.swift */ = {isa = PBXFileReference; lastKnownFileType = sourcecode.swift; path = SearchViewModelTests.swift; sourceTree = "<group>"; };
		877675CD27C4B1AE00011859 /* PhotoSearchUITests.xctest */ = {isa = PBXFileReference; explicitFileType = wrapper.cfbundle; includeInIndex = 0; path = PhotoSearchUITests.xctest; sourceTree = BUILT_PRODUCTS_DIR; };
		877675D127C4B1AE00011859 /* UnifaCodingExamUITests.swift */ = {isa = PBXFileReference; lastKnownFileType = sourcecode.swift; path = UnifaCodingExamUITests.swift; sourceTree = "<group>"; };
		877675D327C4B1AE00011859 /* UnifaCodingExamUITestsLaunchTests.swift */ = {isa = PBXFileReference; lastKnownFileType = sourcecode.swift; path = UnifaCodingExamUITestsLaunchTests.swift; sourceTree = "<group>"; };
		87767A3D27C5C96D00C6EDFA /* ApiService.swift */ = {isa = PBXFileReference; lastKnownFileType = sourcecode.swift; path = ApiService.swift; sourceTree = "<group>"; };
		87767A4027C5FDAF00C6EDFA /* UIColorExtensions.swift */ = {isa = PBXFileReference; lastKnownFileType = sourcecode.swift; path = UIColorExtensions.swift; sourceTree = "<group>"; };
		87767A4227C6055F00C6EDFA /* CustomErrors.swift */ = {isa = PBXFileReference; lastKnownFileType = sourcecode.swift; path = CustomErrors.swift; sourceTree = "<group>"; };
		87767A4527C60BEA00C6EDFA /* LoadingView.swift */ = {isa = PBXFileReference; lastKnownFileType = sourcecode.swift; path = LoadingView.swift; sourceTree = "<group>"; };
		87767A4727C60C2C00C6EDFA /* UIApplicationExtensions.swift */ = {isa = PBXFileReference; lastKnownFileType = sourcecode.swift; path = UIApplicationExtensions.swift; sourceTree = "<group>"; };
		8783586327C9DF5B00CA15C5 /* DetailViewControllerTests.swift */ = {isa = PBXFileReference; lastKnownFileType = sourcecode.swift; path = DetailViewControllerTests.swift; sourceTree = "<group>"; };
		8783586527C9E1AA00CA15C5 /* SourceTests.swift */ = {isa = PBXFileReference; lastKnownFileType = sourcecode.swift; path = SourceTests.swift; sourceTree = "<group>"; };
		8783586727C9E1B800CA15C5 /* PhotoTests.swift */ = {isa = PBXFileReference; lastKnownFileType = sourcecode.swift; path = PhotoTests.swift; sourceTree = "<group>"; };
		8D4A1142782E82432D32C122 /* Pods_PhotoSearch_PhotoSearchUITests.framework */ = {isa = PBXFileReference; explicitFileType = wrapper.framework; includeInIndex = 0; path = Pods_PhotoSearch_PhotoSearchUITests.framework; sourceTree = BUILT_PRODUCTS_DIR; };
		B0DF8A5AA923BFF0CD2C4D9D /* Pods-PhotoSearch.release.xcconfig */ = {isa = PBXFileReference; includeInIndex = 1; lastKnownFileType = text.xcconfig; name = "Pods-PhotoSearch.release.xcconfig"; path = "Target Support Files/Pods-PhotoSearch/Pods-PhotoSearch.release.xcconfig"; sourceTree = "<group>"; };
		D289B9ECAC58053EA4B52591 /* Pods-PhotoSearch.debug.xcconfig */ = {isa = PBXFileReference; includeInIndex = 1; lastKnownFileType = text.xcconfig; name = "Pods-PhotoSearch.debug.xcconfig"; path = "Target Support Files/Pods-PhotoSearch/Pods-PhotoSearch.debug.xcconfig"; sourceTree = "<group>"; };
		D617C20D5D23760A9C2EC9FB /* Pods-PhotoSearch-PhotoSearchUITests.debug.xcconfig */ = {isa = PBXFileReference; includeInIndex = 1; lastKnownFileType = text.xcconfig; name = "Pods-PhotoSearch-PhotoSearchUITests.debug.xcconfig"; path = "Target Support Files/Pods-PhotoSearch-PhotoSearchUITests/Pods-PhotoSearch-PhotoSearchUITests.debug.xcconfig"; sourceTree = "<group>"; };
		E8AFD6AECCC5C2768AE8437D /* Pods-PhotoSearchTests.debug.xcconfig */ = {isa = PBXFileReference; includeInIndex = 1; lastKnownFileType = text.xcconfig; name = "Pods-PhotoSearchTests.debug.xcconfig"; path = "Target Support Files/Pods-PhotoSearchTests/Pods-PhotoSearchTests.debug.xcconfig"; sourceTree = "<group>"; };
/* End PBXFileReference section */

/* Begin PBXFrameworksBuildPhase section */
		877675AA27C4B1AB00011859 /* Frameworks */ = {
			isa = PBXFrameworksBuildPhase;
			buildActionMask = 2147483647;
			files = (
				82E9F9217FE25EBB97870838 /* Pods_PhotoSearch.framework in Frameworks */,
			);
			runOnlyForDeploymentPostprocessing = 0;
		};
		877675C027C4B1AE00011859 /* Frameworks */ = {
			isa = PBXFrameworksBuildPhase;
			buildActionMask = 2147483647;
			files = (
				3AFC489649618D6D84DBDE27 /* Pods_PhotoSearchTests.framework in Frameworks */,
			);
			runOnlyForDeploymentPostprocessing = 0;
		};
		877675CA27C4B1AE00011859 /* Frameworks */ = {
			isa = PBXFrameworksBuildPhase;
			buildActionMask = 2147483647;
			files = (
				35D3A13721DEC592E62C352F /* Pods_PhotoSearch_PhotoSearchUITests.framework in Frameworks */,
			);
			runOnlyForDeploymentPostprocessing = 0;
		};
/* End PBXFrameworksBuildPhase section */

/* Begin PBXGroup section */
		16B0103BB3BED5A730EBECD7 /* Pods */ = {
			isa = PBXGroup;
			children = (
				D289B9ECAC58053EA4B52591 /* Pods-PhotoSearch.debug.xcconfig */,
				B0DF8A5AA923BFF0CD2C4D9D /* Pods-PhotoSearch.release.xcconfig */,
				D617C20D5D23760A9C2EC9FB /* Pods-PhotoSearch-PhotoSearchUITests.debug.xcconfig */,
				73E10AFF486AF0DF802F610D /* Pods-PhotoSearch-PhotoSearchUITests.release.xcconfig */,
				E8AFD6AECCC5C2768AE8437D /* Pods-PhotoSearchTests.debug.xcconfig */,
				40E2BE4B37D70ABB63391CFD /* Pods-PhotoSearchTests.release.xcconfig */,
			);
			path = Pods;
			sourceTree = "<group>";
		};
		8770459127C4B51000717C0C /* SearchScreen */ = {
			isa = PBXGroup;
			children = (
				8770459327C4B52D00717C0C /* Model */,
				8770459427C4B53300717C0C /* View */,
				8770459527C4B53800717C0C /* ViewModel */,
			);
			path = SearchScreen;
			sourceTree = "<group>";
		};
		8770459227C4B51E00717C0C /* DetailScreen */ = {
			isa = PBXGroup;
			children = (
				8770459727C4B54300717C0C /* View */,
			);
			path = DetailScreen;
			sourceTree = "<group>";
		};
		8770459327C4B52D00717C0C /* Model */ = {
			isa = PBXGroup;
			children = (
				877045A127C4F66C00717C0C /* PhotosApiResponse.swift */,
				8770459F27C4F0F300717C0C /* Photo.swift */,
				877045A327C4F77800717C0C /* Source.swift */,
			);
			path = Model;
			sourceTree = "<group>";
		};
		8770459427C4B53300717C0C /* View */ = {
			isa = PBXGroup;
			children = (
				877675B427C4B1AB00011859 /* SearchViewController.swift */,
				877045A527C4FA9000717C0C /* SearchTableViewCell.swift */,
				877045A627C4FA9000717C0C /* SearchTableViewCell.xib */,
			);
			path = View;
			sourceTree = "<group>";
		};
		8770459527C4B53800717C0C /* ViewModel */ = {
			isa = PBXGroup;
			children = (
				8770459927C4B56700717C0C /* SearchViewModel.swift */,
				87520AF627C7DD6B000C0752 /* SearchTableViewCellViewModel.swift */,
			);
			path = ViewModel;
			sourceTree = "<group>";
		};
		8770459727C4B54300717C0C /* View */ = {
			isa = PBXGroup;
			children = (
				8770458F27C4B38300717C0C /* DetailViewController.swift */,
			);
			path = View;
			sourceTree = "<group>";
		};
		877675A427C4B1AB00011859 = {
			isa = PBXGroup;
			children = (
				877675AF27C4B1AB00011859 /* PhotoSearch */,
				877675C627C4B1AE00011859 /* PhotoSearchTests */,
				877675D027C4B1AE00011859 /* PhotoSearchUITests */,
				877675AE27C4B1AB00011859 /* Products */,
				16B0103BB3BED5A730EBECD7 /* Pods */,
				D87474F370FFC83869909C12 /* Frameworks */,
			);
			sourceTree = "<group>";
		};
		877675AE27C4B1AB00011859 /* Products */ = {
			isa = PBXGroup;
			children = (
				877675AD27C4B1AB00011859 /* PhotoSearch.app */,
				877675C327C4B1AE00011859 /* PhotoSearchTests.xctest */,
				877675CD27C4B1AE00011859 /* PhotoSearchUITests.xctest */,
			);
			name = Products;
			sourceTree = "<group>";
		};
		877675AF27C4B1AB00011859 /* PhotoSearch */ = {
			isa = PBXGroup;
			children = (
				877675B027C4B1AB00011859 /* AppDelegate.swift */,
				877675B227C4B1AB00011859 /* SceneDelegate.swift */,
				87767A3B27C5C93200C6EDFA /* Common */,
				8770459127C4B51000717C0C /* SearchScreen */,
				8770459227C4B51E00717C0C /* DetailScreen */,
				877675B627C4B1AB00011859 /* Main.storyboard */,
				877675B927C4B1AD00011859 /* Assets.xcassets */,
				877675BB27C4B1AD00011859 /* LaunchScreen.storyboard */,
				877675BE27C4B1AD00011859 /* Info.plist */,
				8770459B27C4C64500717C0C /* Keys.plist */,
			);
			path = PhotoSearch;
			sourceTree = "<group>";
		};
		877675C627C4B1AE00011859 /* PhotoSearchTests */ = {
			isa = PBXGroup;
			children = (
				87520AF227C7D0EF000C0752 /* MockApiService.swift */,
				877675C727C4B1AE00011859 /* SearchViewModelTests.swift */,
				87520AF827C7DFBD000C0752 /* SearchTableViewCellViewModelTests.swift */,
				87520AF427C7D7C3000C0752 /* SearchViewControllerTests.swift */,
				8783586327C9DF5B00CA15C5 /* DetailViewControllerTests.swift */,
				87520AF027C7D087000C0752 /* SearchTableViewCellTests.swift */,
				8783586527C9E1AA00CA15C5 /* SourceTests.swift */,
				8783586727C9E1B800CA15C5 /* PhotoTests.swift */,
			);
			path = PhotoSearchTests;
			sourceTree = "<group>";
		};
		877675D027C4B1AE00011859 /* PhotoSearchUITests */ = {
			isa = PBXGroup;
			children = (
				877675D127C4B1AE00011859 /* UnifaCodingExamUITests.swift */,
				877675D327C4B1AE00011859 /* UnifaCodingExamUITestsLaunchTests.swift */,
			);
			path = PhotoSearchUITests;
			sourceTree = "<group>";
		};
		87767A3B27C5C93200C6EDFA /* Common */ = {
			isa = PBXGroup;
			children = (
				87767A4427C60BE000C6EDFA /* Views */,
				87767A3F27C5FD8F00C6EDFA /* Extension */,
				87767A3D27C5C96D00C6EDFA /* ApiService.swift */,
				87767A4227C6055F00C6EDFA /* CustomErrors.swift */,
			);
			path = Common;
			sourceTree = "<group>";
		};
		87767A3F27C5FD8F00C6EDFA /* Extension */ = {
			isa = PBXGroup;
			children = (
				87767A4027C5FDAF00C6EDFA /* UIColorExtensions.swift */,
				87767A4727C60C2C00C6EDFA /* UIApplicationExtensions.swift */,
			);
			path = Extension;
			sourceTree = "<group>";
		};
		87767A4427C60BE000C6EDFA /* Views */ = {
			isa = PBXGroup;
			children = (
				87767A4527C60BEA00C6EDFA /* LoadingView.swift */,
			);
			path = Views;
			sourceTree = "<group>";
		};
		D87474F370FFC83869909C12 /* Frameworks */ = {
			isa = PBXGroup;
			children = (
				5D9F7D4AC32C749A56848C7F /* Pods_PhotoSearch.framework */,
				8D4A1142782E82432D32C122 /* Pods_PhotoSearch_PhotoSearchUITests.framework */,
				8207D49AD82B86A2AE890081 /* Pods_PhotoSearchTests.framework */,
			);
			name = Frameworks;
			sourceTree = "<group>";
		};
/* End PBXGroup section */

/* Begin PBXNativeTarget section */
		877675AC27C4B1AB00011859 /* PhotoSearch */ = {
			isa = PBXNativeTarget;
			buildConfigurationList = 877675D727C4B1AE00011859 /* Build configuration list for PBXNativeTarget "PhotoSearch" */;
			buildPhases = (
				8A19CC45F3A435D8B5D81737 /* [CP] Check Pods Manifest.lock */,
				877675A927C4B1AB00011859 /* Sources */,
				877675AA27C4B1AB00011859 /* Frameworks */,
				877675AB27C4B1AB00011859 /* Resources */,
				754E1884BB8C42CA86A85929 /* [CP] Embed Pods Frameworks */,
			);
			buildRules = (
			);
			dependencies = (
			);
			name = PhotoSearch;
			productName = UnifaCodingExam;
			productReference = 877675AD27C4B1AB00011859 /* PhotoSearch.app */;
			productType = "com.apple.product-type.application";
		};
		877675C227C4B1AE00011859 /* PhotoSearchTests */ = {
			isa = PBXNativeTarget;
			buildConfigurationList = 877675DA27C4B1AE00011859 /* Build configuration list for PBXNativeTarget "PhotoSearchTests" */;
			buildPhases = (
				69707908A233AFE1A4307B00 /* [CP] Check Pods Manifest.lock */,
				877675BF27C4B1AE00011859 /* Sources */,
				877675C027C4B1AE00011859 /* Frameworks */,
				877675C127C4B1AE00011859 /* Resources */,
				C4A8419B21D466662194239E /* [CP] Embed Pods Frameworks */,
			);
			buildRules = (
			);
			dependencies = (
				877675C527C4B1AE00011859 /* PBXTargetDependency */,
			);
			name = PhotoSearchTests;
			productName = UnifaCodingExamTests;
			productReference = 877675C327C4B1AE00011859 /* PhotoSearchTests.xctest */;
			productType = "com.apple.product-type.bundle.unit-test";
		};
		877675CC27C4B1AE00011859 /* PhotoSearchUITests */ = {
			isa = PBXNativeTarget;
			buildConfigurationList = 877675DD27C4B1AE00011859 /* Build configuration list for PBXNativeTarget "PhotoSearchUITests" */;
			buildPhases = (
				C570F53FBC3F288928C6C041 /* [CP] Check Pods Manifest.lock */,
				877675C927C4B1AE00011859 /* Sources */,
				877675CA27C4B1AE00011859 /* Frameworks */,
				877675CB27C4B1AE00011859 /* Resources */,
				4FC43AB90638DD87585E5D31 /* [CP] Embed Pods Frameworks */,
			);
			buildRules = (
			);
			dependencies = (
				877675CF27C4B1AE00011859 /* PBXTargetDependency */,
			);
			name = PhotoSearchUITests;
			productName = UnifaCodingExamUITests;
			productReference = 877675CD27C4B1AE00011859 /* PhotoSearchUITests.xctest */;
			productType = "com.apple.product-type.bundle.ui-testing";
		};
/* End PBXNativeTarget section */

/* Begin PBXProject section */
		877675A527C4B1AB00011859 /* Project object */ = {
			isa = PBXProject;
			attributes = {
				BuildIndependentTargetsInParallel = 1;
				LastSwiftUpdateCheck = 1320;
				LastUpgradeCheck = 1320;
				TargetAttributes = {
					877675AC27C4B1AB00011859 = {
						CreatedOnToolsVersion = 13.2.1;
					};
					877675C227C4B1AE00011859 = {
						CreatedOnToolsVersion = 13.2.1;
						TestTargetID = 877675AC27C4B1AB00011859;
					};
					877675CC27C4B1AE00011859 = {
						CreatedOnToolsVersion = 13.2.1;
						TestTargetID = 877675AC27C4B1AB00011859;
					};
				};
			};
			buildConfigurationList = 877675A827C4B1AB00011859 /* Build configuration list for PBXProject "PhotoSearch" */;
			compatibilityVersion = "Xcode 13.0";
			developmentRegion = en;
			hasScannedForEncodings = 0;
			knownRegions = (
				en,
				Base,
			);
			mainGroup = 877675A427C4B1AB00011859;
			productRefGroup = 877675AE27C4B1AB00011859 /* Products */;
			projectDirPath = "";
			projectRoot = "";
			targets = (
				877675AC27C4B1AB00011859 /* PhotoSearch */,
				877675C227C4B1AE00011859 /* PhotoSearchTests */,
				877675CC27C4B1AE00011859 /* PhotoSearchUITests */,
			);
		};
/* End PBXProject section */

/* Begin PBXResourcesBuildPhase section */
		877675AB27C4B1AB00011859 /* Resources */ = {
			isa = PBXResourcesBuildPhase;
			buildActionMask = 2147483647;
			files = (
				8770459C27C4C64500717C0C /* Keys.plist in Resources */,
				877675BD27C4B1AD00011859 /* LaunchScreen.storyboard in Resources */,
				877675BA27C4B1AD00011859 /* Assets.xcassets in Resources */,
				877675B827C4B1AB00011859 /* Main.storyboard in Resources */,
				877045A827C4FA9000717C0C /* SearchTableViewCell.xib in Resources */,
			);
			runOnlyForDeploymentPostprocessing = 0;
		};
		877675C127C4B1AE00011859 /* Resources */ = {
			isa = PBXResourcesBuildPhase;
			buildActionMask = 2147483647;
			files = (
			);
			runOnlyForDeploymentPostprocessing = 0;
		};
		877675CB27C4B1AE00011859 /* Resources */ = {
			isa = PBXResourcesBuildPhase;
			buildActionMask = 2147483647;
			files = (
			);
			runOnlyForDeploymentPostprocessing = 0;
		};
/* End PBXResourcesBuildPhase section */

/* Begin PBXShellScriptBuildPhase section */
		4FC43AB90638DD87585E5D31 /* [CP] Embed Pods Frameworks */ = {
			isa = PBXShellScriptBuildPhase;
			buildActionMask = 2147483647;
			files = (
			);
			inputFileListPaths = (
				"${PODS_ROOT}/Target Support Files/Pods-PhotoSearch-PhotoSearchUITests/Pods-PhotoSearch-PhotoSearchUITests-frameworks-${CONFIGURATION}-input-files.xcfilelist",
			);
			name = "[CP] Embed Pods Frameworks";
			outputFileListPaths = (
				"${PODS_ROOT}/Target Support Files/Pods-PhotoSearch-PhotoSearchUITests/Pods-PhotoSearch-PhotoSearchUITests-frameworks-${CONFIGURATION}-output-files.xcfilelist",
			);
			runOnlyForDeploymentPostprocessing = 0;
			shellPath = /bin/sh;
			shellScript = "\"${PODS_ROOT}/Target Support Files/Pods-PhotoSearch-PhotoSearchUITests/Pods-PhotoSearch-PhotoSearchUITests-frameworks.sh\"\n";
			showEnvVarsInLog = 0;
		};
		69707908A233AFE1A4307B00 /* [CP] Check Pods Manifest.lock */ = {
			isa = PBXShellScriptBuildPhase;
			buildActionMask = 2147483647;
			files = (
			);
			inputFileListPaths = (
			);
			inputPaths = (
				"${PODS_PODFILE_DIR_PATH}/Podfile.lock",
				"${PODS_ROOT}/Manifest.lock",
			);
			name = "[CP] Check Pods Manifest.lock";
			outputFileListPaths = (
			);
			outputPaths = (
				"$(DERIVED_FILE_DIR)/Pods-PhotoSearchTests-checkManifestLockResult.txt",
			);
			runOnlyForDeploymentPostprocessing = 0;
			shellPath = /bin/sh;
			shellScript = "diff \"${PODS_PODFILE_DIR_PATH}/Podfile.lock\" \"${PODS_ROOT}/Manifest.lock\" > /dev/null\nif [ $? != 0 ] ; then\n    # print error to STDERR\n    echo \"error: The sandbox is not in sync with the Podfile.lock. Run 'pod install' or update your CocoaPods installation.\" >&2\n    exit 1\nfi\n# This output is used by Xcode 'outputs' to avoid re-running this script phase.\necho \"SUCCESS\" > \"${SCRIPT_OUTPUT_FILE_0}\"\n";
			showEnvVarsInLog = 0;
		};
		754E1884BB8C42CA86A85929 /* [CP] Embed Pods Frameworks */ = {
			isa = PBXShellScriptBuildPhase;
			buildActionMask = 2147483647;
			files = (
			);
			inputFileListPaths = (
				"${PODS_ROOT}/Target Support Files/Pods-PhotoSearch/Pods-PhotoSearch-frameworks-${CONFIGURATION}-input-files.xcfilelist",
			);
			name = "[CP] Embed Pods Frameworks";
			outputFileListPaths = (
				"${PODS_ROOT}/Target Support Files/Pods-PhotoSearch/Pods-PhotoSearch-frameworks-${CONFIGURATION}-output-files.xcfilelist",
			);
			runOnlyForDeploymentPostprocessing = 0;
			shellPath = /bin/sh;
			shellScript = "\"${PODS_ROOT}/Target Support Files/Pods-PhotoSearch/Pods-PhotoSearch-frameworks.sh\"\n";
			showEnvVarsInLog = 0;
		};
		8A19CC45F3A435D8B5D81737 /* [CP] Check Pods Manifest.lock */ = {
			isa = PBXShellScriptBuildPhase;
			buildActionMask = 2147483647;
			files = (
			);
			inputFileListPaths = (
			);
			inputPaths = (
				"${PODS_PODFILE_DIR_PATH}/Podfile.lock",
				"${PODS_ROOT}/Manifest.lock",
			);
			name = "[CP] Check Pods Manifest.lock";
			outputFileListPaths = (
			);
			outputPaths = (
				"$(DERIVED_FILE_DIR)/Pods-PhotoSearch-checkManifestLockResult.txt",
			);
			runOnlyForDeploymentPostprocessing = 0;
			shellPath = /bin/sh;
			shellScript = "diff \"${PODS_PODFILE_DIR_PATH}/Podfile.lock\" \"${PODS_ROOT}/Manifest.lock\" > /dev/null\nif [ $? != 0 ] ; then\n    # print error to STDERR\n    echo \"error: The sandbox is not in sync with the Podfile.lock. Run 'pod install' or update your CocoaPods installation.\" >&2\n    exit 1\nfi\n# This output is used by Xcode 'outputs' to avoid re-running this script phase.\necho \"SUCCESS\" > \"${SCRIPT_OUTPUT_FILE_0}\"\n";
			showEnvVarsInLog = 0;
		};
		C4A8419B21D466662194239E /* [CP] Embed Pods Frameworks */ = {
			isa = PBXShellScriptBuildPhase;
			buildActionMask = 2147483647;
			files = (
			);
			inputFileListPaths = (
				"${PODS_ROOT}/Target Support Files/Pods-PhotoSearchTests/Pods-PhotoSearchTests-frameworks-${CONFIGURATION}-input-files.xcfilelist",
			);
			name = "[CP] Embed Pods Frameworks";
			outputFileListPaths = (
				"${PODS_ROOT}/Target Support Files/Pods-PhotoSearchTests/Pods-PhotoSearchTests-frameworks-${CONFIGURATION}-output-files.xcfilelist",
			);
			runOnlyForDeploymentPostprocessing = 0;
			shellPath = /bin/sh;
			shellScript = "\"${PODS_ROOT}/Target Support Files/Pods-PhotoSearchTests/Pods-PhotoSearchTests-frameworks.sh\"\n";
			showEnvVarsInLog = 0;
		};
		C570F53FBC3F288928C6C041 /* [CP] Check Pods Manifest.lock */ = {
			isa = PBXShellScriptBuildPhase;
			buildActionMask = 2147483647;
			files = (
			);
			inputFileListPaths = (
			);
			inputPaths = (
				"${PODS_PODFILE_DIR_PATH}/Podfile.lock",
				"${PODS_ROOT}/Manifest.lock",
			);
			name = "[CP] Check Pods Manifest.lock";
			outputFileListPaths = (
			);
			outputPaths = (
				"$(DERIVED_FILE_DIR)/Pods-PhotoSearch-PhotoSearchUITests-checkManifestLockResult.txt",
			);
			runOnlyForDeploymentPostprocessing = 0;
			shellPath = /bin/sh;
			shellScript = "diff \"${PODS_PODFILE_DIR_PATH}/Podfile.lock\" \"${PODS_ROOT}/Manifest.lock\" > /dev/null\nif [ $? != 0 ] ; then\n    # print error to STDERR\n    echo \"error: The sandbox is not in sync with the Podfile.lock. Run 'pod install' or update your CocoaPods installation.\" >&2\n    exit 1\nfi\n# This output is used by Xcode 'outputs' to avoid re-running this script phase.\necho \"SUCCESS\" > \"${SCRIPT_OUTPUT_FILE_0}\"\n";
			showEnvVarsInLog = 0;
		};
/* End PBXShellScriptBuildPhase section */

/* Begin PBXSourcesBuildPhase section */
		877675A927C4B1AB00011859 /* Sources */ = {
			isa = PBXSourcesBuildPhase;
			buildActionMask = 2147483647;
			files = (
				877045A727C4FA9000717C0C /* SearchTableViewCell.swift in Sources */,
				87767A4327C6055F00C6EDFA /* CustomErrors.swift in Sources */,
				87767A4827C60C2C00C6EDFA /* UIApplicationExtensions.swift in Sources */,
				877045A427C4F77800717C0C /* Source.swift in Sources */,
				877045A027C4F0F300717C0C /* Photo.swift in Sources */,
				877675B527C4B1AB00011859 /* SearchViewController.swift in Sources */,
				87520AF727C7DD6B000C0752 /* SearchTableViewCellViewModel.swift in Sources */,
				8770459A27C4B56700717C0C /* SearchViewModel.swift in Sources */,
				877675B127C4B1AB00011859 /* AppDelegate.swift in Sources */,
				87767A4127C5FDAF00C6EDFA /* UIColorExtensions.swift in Sources */,
				87767A3E27C5C96D00C6EDFA /* ApiService.swift in Sources */,
				877675B327C4B1AB00011859 /* SceneDelegate.swift in Sources */,
				877045A227C4F66C00717C0C /* PhotosApiResponse.swift in Sources */,
				87767A4627C60BEA00C6EDFA /* LoadingView.swift in Sources */,
				8770459027C4B38300717C0C /* DetailViewController.swift in Sources */,
			);
			runOnlyForDeploymentPostprocessing = 0;
		};
		877675BF27C4B1AE00011859 /* Sources */ = {
			isa = PBXSourcesBuildPhase;
			buildActionMask = 2147483647;
			files = (
				8783586827C9E1B800CA15C5 /* PhotoTests.swift in Sources */,
				87520AF927C7DFBD000C0752 /* SearchTableViewCellViewModelTests.swift in Sources */,
				87520AF327C7D0EF000C0752 /* MockApiService.swift in Sources */,
				877675C827C4B1AE00011859 /* SearchViewModelTests.swift in Sources */,
				87520AF527C7D7C3000C0752 /* SearchViewControllerTests.swift in Sources */,
				87520AF127C7D087000C0752 /* SearchTableViewCellTests.swift in Sources */,
				8783586427C9DF5B00CA15C5 /* DetailViewControllerTests.swift in Sources */,
				8783586627C9E1AA00CA15C5 /* SourceTests.swift in Sources */,
			);
			runOnlyForDeploymentPostprocessing = 0;
		};
		877675C927C4B1AE00011859 /* Sources */ = {
			isa = PBXSourcesBuildPhase;
			buildActionMask = 2147483647;
			files = (
				877675D227C4B1AE00011859 /* UnifaCodingExamUITests.swift in Sources */,
				877675D427C4B1AE00011859 /* UnifaCodingExamUITestsLaunchTests.swift in Sources */,
			);
			runOnlyForDeploymentPostprocessing = 0;
		};
/* End PBXSourcesBuildPhase section */

/* Begin PBXTargetDependency section */
		877675C527C4B1AE00011859 /* PBXTargetDependency */ = {
			isa = PBXTargetDependency;
			target = 877675AC27C4B1AB00011859 /* PhotoSearch */;
			targetProxy = 877675C427C4B1AE00011859 /* PBXContainerItemProxy */;
		};
		877675CF27C4B1AE00011859 /* PBXTargetDependency */ = {
			isa = PBXTargetDependency;
			target = 877675AC27C4B1AB00011859 /* PhotoSearch */;
			targetProxy = 877675CE27C4B1AE00011859 /* PBXContainerItemProxy */;
		};
/* End PBXTargetDependency section */

/* Begin PBXVariantGroup section */
		877675B627C4B1AB00011859 /* Main.storyboard */ = {
			isa = PBXVariantGroup;
			children = (
				877675B727C4B1AB00011859 /* Base */,
			);
			name = Main.storyboard;
			sourceTree = "<group>";
		};
		877675BB27C4B1AD00011859 /* LaunchScreen.storyboard */ = {
			isa = PBXVariantGroup;
			children = (
				877675BC27C4B1AD00011859 /* Base */,
			);
			name = LaunchScreen.storyboard;
			sourceTree = "<group>";
		};
/* End PBXVariantGroup section */

/* Begin XCBuildConfiguration section */
		877675D527C4B1AE00011859 /* Debug */ = {
			isa = XCBuildConfiguration;
			buildSettings = {
				ALWAYS_SEARCH_USER_PATHS = NO;
				CLANG_ANALYZER_NONNULL = YES;
				CLANG_ANALYZER_NUMBER_OBJECT_CONVERSION = YES_AGGRESSIVE;
				CLANG_CXX_LANGUAGE_STANDARD = "gnu++17";
				CLANG_CXX_LIBRARY = "libc++";
				CLANG_ENABLE_MODULES = YES;
				CLANG_ENABLE_OBJC_ARC = YES;
				CLANG_ENABLE_OBJC_WEAK = YES;
				CLANG_WARN_BLOCK_CAPTURE_AUTORELEASING = YES;
				CLANG_WARN_BOOL_CONVERSION = YES;
				CLANG_WARN_COMMA = YES;
				CLANG_WARN_CONSTANT_CONVERSION = YES;
				CLANG_WARN_DEPRECATED_OBJC_IMPLEMENTATIONS = YES;
				CLANG_WARN_DIRECT_OBJC_ISA_USAGE = YES_ERROR;
				CLANG_WARN_DOCUMENTATION_COMMENTS = YES;
				CLANG_WARN_EMPTY_BODY = YES;
				CLANG_WARN_ENUM_CONVERSION = YES;
				CLANG_WARN_INFINITE_RECURSION = YES;
				CLANG_WARN_INT_CONVERSION = YES;
				CLANG_WARN_NON_LITERAL_NULL_CONVERSION = YES;
				CLANG_WARN_OBJC_IMPLICIT_RETAIN_SELF = YES;
				CLANG_WARN_OBJC_LITERAL_CONVERSION = YES;
				CLANG_WARN_OBJC_ROOT_CLASS = YES_ERROR;
				CLANG_WARN_QUOTED_INCLUDE_IN_FRAMEWORK_HEADER = YES;
				CLANG_WARN_RANGE_LOOP_ANALYSIS = YES;
				CLANG_WARN_STRICT_PROTOTYPES = YES;
				CLANG_WARN_SUSPICIOUS_MOVE = YES;
				CLANG_WARN_UNGUARDED_AVAILABILITY = YES_AGGRESSIVE;
				CLANG_WARN_UNREACHABLE_CODE = YES;
				CLANG_WARN__DUPLICATE_METHOD_MATCH = YES;
				COPY_PHASE_STRIP = NO;
				DEBUG_INFORMATION_FORMAT = dwarf;
				ENABLE_STRICT_OBJC_MSGSEND = YES;
				ENABLE_TESTABILITY = YES;
				GCC_C_LANGUAGE_STANDARD = gnu11;
				GCC_DYNAMIC_NO_PIC = NO;
				GCC_NO_COMMON_BLOCKS = YES;
				GCC_OPTIMIZATION_LEVEL = 0;
				GCC_PREPROCESSOR_DEFINITIONS = (
					"DEBUG=1",
					"$(inherited)",
				);
				GCC_WARN_64_TO_32_BIT_CONVERSION = YES;
				GCC_WARN_ABOUT_RETURN_TYPE = YES_ERROR;
				GCC_WARN_UNDECLARED_SELECTOR = YES;
				GCC_WARN_UNINITIALIZED_AUTOS = YES_AGGRESSIVE;
				GCC_WARN_UNUSED_FUNCTION = YES;
				GCC_WARN_UNUSED_VARIABLE = YES;
				IPHONEOS_DEPLOYMENT_TARGET = 15.2;
				MTL_ENABLE_DEBUG_INFO = INCLUDE_SOURCE;
				MTL_FAST_MATH = YES;
				ONLY_ACTIVE_ARCH = YES;
				SDKROOT = iphoneos;
				SWIFT_ACTIVE_COMPILATION_CONDITIONS = DEBUG;
				SWIFT_OPTIMIZATION_LEVEL = "-Onone";
			};
			name = Debug;
		};
		877675D627C4B1AE00011859 /* Release */ = {
			isa = XCBuildConfiguration;
			buildSettings = {
				ALWAYS_SEARCH_USER_PATHS = NO;
				CLANG_ANALYZER_NONNULL = YES;
				CLANG_ANALYZER_NUMBER_OBJECT_CONVERSION = YES_AGGRESSIVE;
				CLANG_CXX_LANGUAGE_STANDARD = "gnu++17";
				CLANG_CXX_LIBRARY = "libc++";
				CLANG_ENABLE_MODULES = YES;
				CLANG_ENABLE_OBJC_ARC = YES;
				CLANG_ENABLE_OBJC_WEAK = YES;
				CLANG_WARN_BLOCK_CAPTURE_AUTORELEASING = YES;
				CLANG_WARN_BOOL_CONVERSION = YES;
				CLANG_WARN_COMMA = YES;
				CLANG_WARN_CONSTANT_CONVERSION = YES;
				CLANG_WARN_DEPRECATED_OBJC_IMPLEMENTATIONS = YES;
				CLANG_WARN_DIRECT_OBJC_ISA_USAGE = YES_ERROR;
				CLANG_WARN_DOCUMENTATION_COMMENTS = YES;
				CLANG_WARN_EMPTY_BODY = YES;
				CLANG_WARN_ENUM_CONVERSION = YES;
				CLANG_WARN_INFINITE_RECURSION = YES;
				CLANG_WARN_INT_CONVERSION = YES;
				CLANG_WARN_NON_LITERAL_NULL_CONVERSION = YES;
				CLANG_WARN_OBJC_IMPLICIT_RETAIN_SELF = YES;
				CLANG_WARN_OBJC_LITERAL_CONVERSION = YES;
				CLANG_WARN_OBJC_ROOT_CLASS = YES_ERROR;
				CLANG_WARN_QUOTED_INCLUDE_IN_FRAMEWORK_HEADER = YES;
				CLANG_WARN_RANGE_LOOP_ANALYSIS = YES;
				CLANG_WARN_STRICT_PROTOTYPES = YES;
				CLANG_WARN_SUSPICIOUS_MOVE = YES;
				CLANG_WARN_UNGUARDED_AVAILABILITY = YES_AGGRESSIVE;
				CLANG_WARN_UNREACHABLE_CODE = YES;
				CLANG_WARN__DUPLICATE_METHOD_MATCH = YES;
				COPY_PHASE_STRIP = NO;
				DEBUG_INFORMATION_FORMAT = "dwarf-with-dsym";
				ENABLE_NS_ASSERTIONS = NO;
				ENABLE_STRICT_OBJC_MSGSEND = YES;
				GCC_C_LANGUAGE_STANDARD = gnu11;
				GCC_NO_COMMON_BLOCKS = YES;
				GCC_WARN_64_TO_32_BIT_CONVERSION = YES;
				GCC_WARN_ABOUT_RETURN_TYPE = YES_ERROR;
				GCC_WARN_UNDECLARED_SELECTOR = YES;
				GCC_WARN_UNINITIALIZED_AUTOS = YES_AGGRESSIVE;
				GCC_WARN_UNUSED_FUNCTION = YES;
				GCC_WARN_UNUSED_VARIABLE = YES;
				IPHONEOS_DEPLOYMENT_TARGET = 15.2;
				MTL_ENABLE_DEBUG_INFO = NO;
				MTL_FAST_MATH = YES;
				SDKROOT = iphoneos;
				SWIFT_COMPILATION_MODE = wholemodule;
				SWIFT_OPTIMIZATION_LEVEL = "-O";
				VALIDATE_PRODUCT = YES;
			};
			name = Release;
		};
		877675D827C4B1AE00011859 /* Debug */ = {
			isa = XCBuildConfiguration;
			baseConfigurationReference = D289B9ECAC58053EA4B52591 /* Pods-PhotoSearch.debug.xcconfig */;
			buildSettings = {
				ASSETCATALOG_COMPILER_APPICON_NAME = AppIcon;
				ASSETCATALOG_COMPILER_GLOBAL_ACCENT_COLOR_NAME = AccentColor;
				CODE_SIGN_STYLE = Automatic;
				CURRENT_PROJECT_VERSION = 2;
				DEVELOPMENT_TEAM = ZUJKC4DH23;
				GENERATE_INFOPLIST_FILE = YES;
				INFOPLIST_FILE = PhotoSearch/Info.plist;
				INFOPLIST_KEY_NSUserTrackingUsageDescription = "This identifier will be used to deliver personalized ads to you.";
				INFOPLIST_KEY_UIApplicationSupportsIndirectInputEvents = YES;
				INFOPLIST_KEY_UILaunchStoryboardName = LaunchScreen;
				INFOPLIST_KEY_UIMainStoryboardFile = Main;
				INFOPLIST_KEY_UISupportedInterfaceOrientations = UIInterfaceOrientationPortrait;
				INFOPLIST_KEY_UISupportedInterfaceOrientations_iPad = "UIInterfaceOrientationPortrait UIInterfaceOrientationPortraitUpsideDown UIInterfaceOrientationLandscapeLeft UIInterfaceOrientationLandscapeRight";
				INFOPLIST_KEY_UISupportedInterfaceOrientations_iPhone = "UIInterfaceOrientationPortrait UIInterfaceOrientationLandscapeLeft UIInterfaceOrientationLandscapeRight";
				INFOPLIST_KEY_UIUserInterfaceStyle = Light;
				IPHONEOS_DEPLOYMENT_TARGET = 13.0;
				LD_RUNPATH_SEARCH_PATHS = (
					"$(inherited)",
					"@executable_path/Frameworks",
				);
				MARKETING_VERSION = 1.0.0;
				PRODUCT_BUNDLE_IDENTIFIER = com.inspiralists.photosearch;
				PRODUCT_NAME = "$(TARGET_NAME)";
				SWIFT_EMIT_LOC_STRINGS = YES;
				SWIFT_VERSION = 5.0;
				TARGETED_DEVICE_FAMILY = "1,2";
			};
			name = Debug;
		};
		877675D927C4B1AE00011859 /* Release */ = {
			isa = XCBuildConfiguration;
			baseConfigurationReference = B0DF8A5AA923BFF0CD2C4D9D /* Pods-PhotoSearch.release.xcconfig */;
			buildSettings = {
				ASSETCATALOG_COMPILER_APPICON_NAME = AppIcon;
				ASSETCATALOG_COMPILER_GLOBAL_ACCENT_COLOR_NAME = AccentColor;
				CODE_SIGN_STYLE = Automatic;
				CURRENT_PROJECT_VERSION = 2;
				DEVELOPMENT_TEAM = ZUJKC4DH23;
				GENERATE_INFOPLIST_FILE = YES;
				INFOPLIST_FILE = PhotoSearch/Info.plist;
				INFOPLIST_KEY_NSUserTrackingUsageDescription = "This identifier will be used to deliver personalized ads to you.";
				INFOPLIST_KEY_UIApplicationSupportsIndirectInputEvents = YES;
				INFOPLIST_KEY_UILaunchStoryboardName = LaunchScreen;
				INFOPLIST_KEY_UIMainStoryboardFile = Main;
				INFOPLIST_KEY_UISupportedInterfaceOrientations = UIInterfaceOrientationPortrait;
				INFOPLIST_KEY_UISupportedInterfaceOrientations_iPad = "UIInterfaceOrientationPortrait UIInterfaceOrientationPortraitUpsideDown UIInterfaceOrientationLandscapeLeft UIInterfaceOrientationLandscapeRight";
				INFOPLIST_KEY_UISupportedInterfaceOrientations_iPhone = "UIInterfaceOrientationPortrait UIInterfaceOrientationLandscapeLeft UIInterfaceOrientationLandscapeRight";
				INFOPLIST_KEY_UIUserInterfaceStyle = Light;
				IPHONEOS_DEPLOYMENT_TARGET = 13.0;
				LD_RUNPATH_SEARCH_PATHS = (
					"$(inherited)",
					"@executable_path/Frameworks",
				);
				MARKETING_VERSION = 1.0.0;
				PRODUCT_BUNDLE_IDENTIFIER = com.inspiralists.photosearch;
				PRODUCT_NAME = "$(TARGET_NAME)";
				SWIFT_EMIT_LOC_STRINGS = YES;
				SWIFT_VERSION = 5.0;
				TARGETED_DEVICE_FAMILY = "1,2";
			};
			name = Release;
		};
		877675DB27C4B1AE00011859 /* Debug */ = {
			isa = XCBuildConfiguration;
			baseConfigurationReference = E8AFD6AECCC5C2768AE8437D /* Pods-PhotoSearchTests.debug.xcconfig */;
			buildSettings = {
				ALWAYS_EMBED_SWIFT_STANDARD_LIBRARIES = YES;
				BUNDLE_LOADER = "$(TEST_HOST)";
				CODE_SIGN_STYLE = Automatic;
				CURRENT_PROJECT_VERSION = 1;
				DEVELOPMENT_TEAM = ZUJKC4DH23;
				GENERATE_INFOPLIST_FILE = YES;
				IPHONEOS_DEPLOYMENT_TARGET = 15.2;
				MARKETING_VERSION = 1.0;
				PRODUCT_BUNDLE_IDENTIFIER = com.inspiralists.photosearch;
				PRODUCT_NAME = "$(TARGET_NAME)";
				SWIFT_EMIT_LOC_STRINGS = NO;
				SWIFT_VERSION = 5.0;
				TARGETED_DEVICE_FAMILY = "1,2";
				TEST_HOST = "$(BUILT_PRODUCTS_DIR)/PhotoSearch.app/PhotoSearch";
			};
			name = Debug;
		};
		877675DC27C4B1AE00011859 /* Release */ = {
			isa = XCBuildConfiguration;
			baseConfigurationReference = 40E2BE4B37D70ABB63391CFD /* Pods-PhotoSearchTests.release.xcconfig */;
			buildSettings = {
				ALWAYS_EMBED_SWIFT_STANDARD_LIBRARIES = YES;
				BUNDLE_LOADER = "$(TEST_HOST)";
				CODE_SIGN_STYLE = Automatic;
				CURRENT_PROJECT_VERSION = 1;
				DEVELOPMENT_TEAM = ZUJKC4DH23;
				GENERATE_INFOPLIST_FILE = YES;
				IPHONEOS_DEPLOYMENT_TARGET = 15.2;
				MARKETING_VERSION = 1.0;
				PRODUCT_BUNDLE_IDENTIFIER = com.inspiralists.photosearch;
				PRODUCT_NAME = "$(TARGET_NAME)";
				SWIFT_EMIT_LOC_STRINGS = NO;
				SWIFT_VERSION = 5.0;
				TARGETED_DEVICE_FAMILY = "1,2";
				TEST_HOST = "$(BUILT_PRODUCTS_DIR)/PhotoSearch.app/PhotoSearch";
			};
			name = Release;
		};
		877675DE27C4B1AE00011859 /* Debug */ = {
			isa = XCBuildConfiguration;
			baseConfigurationReference = D617C20D5D23760A9C2EC9FB /* Pods-PhotoSearch-PhotoSearchUITests.debug.xcconfig */;
			buildSettings = {
				ALWAYS_EMBED_SWIFT_STANDARD_LIBRARIES = YES;
				CODE_SIGN_STYLE = Automatic;
				CURRENT_PROJECT_VERSION = 1;
				DEVELOPMENT_TEAM = ZUJKC4DH23;
				GENERATE_INFOPLIST_FILE = YES;
				MARKETING_VERSION = 1.0;
				PRODUCT_BUNDLE_IDENTIFIER = com.inspiralists.photosearch;
				PRODUCT_NAME = "$(TARGET_NAME)";
				SWIFT_EMIT_LOC_STRINGS = NO;
				SWIFT_VERSION = 5.0;
				TARGETED_DEVICE_FAMILY = "1,2";
				TEST_TARGET_NAME = PhotoSearch;
			};
			name = Debug;
		};
		877675DF27C4B1AE00011859 /* Release */ = {
			isa = XCBuildConfiguration;
			baseConfigurationReference = 73E10AFF486AF0DF802F610D /* Pods-PhotoSearch-PhotoSearchUITests.release.xcconfig */;
			buildSettings = {
				ALWAYS_EMBED_SWIFT_STANDARD_LIBRARIES = YES;
				CODE_SIGN_STYLE = Automatic;
				CURRENT_PROJECT_VERSION = 1;
				DEVELOPMENT_TEAM = ZUJKC4DH23;
				GENERATE_INFOPLIST_FILE = YES;
				MARKETING_VERSION = 1.0;
				PRODUCT_BUNDLE_IDENTIFIER = com.inspiralists.photosearch;
				PRODUCT_NAME = "$(TARGET_NAME)";
				SWIFT_EMIT_LOC_STRINGS = NO;
				SWIFT_VERSION = 5.0;
				TARGETED_DEVICE_FAMILY = "1,2";
				TEST_TARGET_NAME = PhotoSearch;
			};
			name = Release;
		};
/* End XCBuildConfiguration section */

/* Begin XCConfigurationList section */
		877675A827C4B1AB00011859 /* Build configuration list for PBXProject "PhotoSearch" */ = {
			isa = XCConfigurationList;
			buildConfigurations = (
				877675D527C4B1AE00011859 /* Debug */,
				877675D627C4B1AE00011859 /* Release */,
			);
			defaultConfigurationIsVisible = 0;
			defaultConfigurationName = Release;
		};
		877675D727C4B1AE00011859 /* Build configuration list for PBXNativeTarget "PhotoSearch" */ = {
			isa = XCConfigurationList;
			buildConfigurations = (
				877675D827C4B1AE00011859 /* Debug */,
				877675D927C4B1AE00011859 /* Release */,
			);
			defaultConfigurationIsVisible = 0;
			defaultConfigurationName = Release;
		};
		877675DA27C4B1AE00011859 /* Build configuration list for PBXNativeTarget "PhotoSearchTests" */ = {
			isa = XCConfigurationList;
			buildConfigurations = (
				877675DB27C4B1AE00011859 /* Debug */,
				877675DC27C4B1AE00011859 /* Release */,
			);
			defaultConfigurationIsVisible = 0;
			defaultConfigurationName = Release;
		};
		877675DD27C4B1AE00011859 /* Build configuration list for PBXNativeTarget "PhotoSearchUITests" */ = {
			isa = XCConfigurationList;
			buildConfigurations = (
				877675DE27C4B1AE00011859 /* Debug */,
				877675DF27C4B1AE00011859 /* Release */,
			);
			defaultConfigurationIsVisible = 0;
			defaultConfigurationName = Release;
		};
/* End XCConfigurationList section */
	};
	rootObject = 877675A527C4B1AB00011859 /* Project object */;
}
